
Microsoft Visual Studio Solution File, Format Version 12.00
# Visual Studio Version 16
VisualStudioVersion = 16.0.30114.105
MinimumVisualStudioVersion = 10.0.40219.1
Project("{FAE04EC0-301F-11D3-BF4B-00C04F79EFBC}") = "API", "API\API.csproj", "{8CB23B59-198F-43E5-9146-503C12F7C544}"
EndProject
Project("{FAE04EC0-301F-11D3-BF4B-00C04F79EFBC}") = "Core", "Core\Core.csproj", "{F7A83A78-FBE4-4B3F-BEE9-02B51106AE9D}"
EndProject
Project("{FAE04EC0-301F-11D3-BF4B-00C04F79EFBC}") = "Infrastructure", "Infrastructure\Infrastructure.csproj", "{C05D1C63-A7EB-4D81-93DC-CF89BA97CC4A}"
EndProject
Global
	GlobalSection(SolutionConfigurationPlatforms) = preSolution
		Debug|Any CPU = Debug|Any CPU
		Release|Any CPU = Release|Any CPU
	EndGlobalSection
	GlobalSection(SolutionProperties) = preSolution
		HideSolutionNode = FALSE
	EndGlobalSection
	GlobalSection(ProjectConfigurationPlatforms) = postSolution
		{8CB23B59-198F-43E5-9146-503C12F7C544}.Debug|Any CPU.ActiveCfg = Debug|Any CPU
		{8CB23B59-198F-43E5-9146-503C12F7C544}.Debug|Any CPU.Build.0 = Debug|Any CPU
		{8CB23B59-198F-43E5-9146-503C12F7C544}.Release|Any CPU.ActiveCfg = Release|Any CPU
		{8CB23B59-198F-43E5-9146-503C12F7C544}.Release|Any CPU.Build.0 = Release|Any CPU
		{F7A83A78-FBE4-4B3F-BEE9-02B51106AE9D}.Debug|Any CPU.ActiveCfg = Debug|Any CPU
		{F7A83A78-FBE4-4B3F-BEE9-02B51106AE9D}.Debug|Any CPU.Build.0 = Debug|Any CPU
		{F7A83A78-FBE4-4B3F-BEE9-02B51106AE9D}.Release|Any CPU.ActiveCfg = Release|Any CPU
		{F7A83A78-FBE4-4B3F-BEE9-02B51106AE9D}.Release|Any CPU.Build.0 = Release|Any CPU
		{C05D1C63-A7EB-4D81-93DC-CF89BA97CC4A}.Debug|Any CPU.ActiveCfg = Debug|Any CPU
		{C05D1C63-A7EB-4D81-93DC-CF89BA97CC4A}.Debug|Any CPU.Build.0 = Debug|Any CPU
		{C05D1C63-A7EB-4D81-93DC-CF89BA97CC4A}.Release|Any CPU.ActiveCfg = Release|Any CPU
		{C05D1C63-A7EB-4D81-93DC-CF89BA97CC4A}.Release|Any CPU.Build.0 = Release|Any CPU
	EndGlobalSection
EndGlobal
